
Microsoft Visual Studio Solution File, Format Version 12.00
# Visual Studio Version 17
VisualStudioVersion = 17.8.34525.116
MinimumVisualStudioVersion = 10.0.40219.1
Project("{FAE04EC0-301F-11D3-BF4B-00C04F79EFBC}") = "TestTask", "TestTask.csproj", "{2E3ED88E-2784-4677-9868-B40110BD6B21}"
EndProject
Global
	GlobalSection(SolutionConfigurationPlatforms) = preSolution
		Debug|Any CPU = Debug|Any CPU
		Release|Any CPU = Release|Any CPU
	EndGlobalSection
	GlobalSection(ProjectConfigurationPlatforms) = postSolution
		{2E3ED88E-2784-4677-9868-B40110BD6B21}.Debug|Any CPU.ActiveCfg = Debug|Any CPU
		{2E3ED88E-2784-4677-9868-B40110BD6B21}.Debug|Any CPU.Build.0 = Debug|Any CPU
		{2E3ED88E-2784-4677-9868-B40110BD6B21}.Release|Any CPU.ActiveCfg = Release|Any CPU
		{2E3ED88E-2784-4677-9868-B40110BD6B21}.Release|Any CPU.Build.0 = Release|Any CPU
	EndGlobalSection
	GlobalSection(SolutionProperties) = preSolution
		HideSolutionNode = FALSE
	EndGlobalSection
	GlobalSection(ExtensibilityGlobals) = postSolution
		SolutionGuid = {F0610938-6D58-4AF1-92B7-954A240FEB22}
	EndGlobalSection
EndGlobal
